
Microsoft Visual Studio Solution File, Format Version 12.00
# Visual Studio Version 16
VisualStudioVersion = 16.0.30114.105
MinimumVisualStudioVersion = 10.0.40219.1
Project("{9A19103F-16F7-4668-BE54-9A1E7A4F7556}") = "CandyShop", "CandyShop\CandyShop.csproj", "{0966BB0C-821A-47E0-A496-26CADB9A330E}"
EndProject
Project("{2150E333-8FDC-42A3-9474-1A3956D46DE8}") = "Solution Items", "Solution Items", "{8BECA818-7F91-4BAF-B37F-D37B53ADE330}"
	ProjectSection(SolutionItems) = preProject
		.editorconfig = .editorconfig
	EndProjectSection
EndProject
Global
	GlobalSection(SolutionConfigurationPlatforms) = preSolution
		Debug|Any CPU = Debug|Any CPU
		Release|Any CPU = Release|Any CPU
	EndGlobalSection
	GlobalSection(ProjectConfigurationPlatforms) = postSolution
		{0966BB0C-821A-47E0-A496-26CADB9A330E}.Debug|Any CPU.ActiveCfg = Debug|Any CPU
		{0966BB0C-821A-47E0-A496-26CADB9A330E}.Debug|Any CPU.Build.0 = Debug|Any CPU
		{0966BB0C-821A-47E0-A496-26CADB9A330E}.Release|Any CPU.ActiveCfg = Release|Any CPU
		{0966BB0C-821A-47E0-A496-26CADB9A330E}.Release|Any CPU.Build.0 = Release|Any CPU
	EndGlobalSection
	GlobalSection(SolutionProperties) = preSolution
		HideSolutionNode = FALSE
	EndGlobalSection
	GlobalSection(ExtensibilityGlobals) = postSolution
		SolutionGuid = {C08E6412-8787-4051-AC9D-72BD14215DF4}
	EndGlobalSection
EndGlobal
